
Microsoft Visual Studio Solution File, Format Version 12.00
# Visual Studio 14
VisualStudioVersion = 14.0.25420.1
MinimumVisualStudioVersion = 10.0.40219.1
Project("{8BC9CEB8-8B4A-11D0-8D11-00A0C91BC942}") = "Lesson01", "Lesson01\Lesson01.vcxproj", "{A48481D7-64C7-4401-8B7D-4208F3F7BEE1}"
EndProject
Project("{8BC9CEB8-8B4A-11D0-8D11-00A0C91BC942}") = "Lesson02", "Lesson02\Lesson02.vcxproj", "{C3528BFB-80F1-46C5-8766-D05CBB63C7CF}"
EndProject
Project("{8BC9CEB8-8B4A-11D0-8D11-00A0C91BC942}") = "Lesson03", "Lesson03\Lesson03.vcxproj", "{094F841B-B41C-413D-883B-494CF1FAA909}"
EndProject
Project("{8BC9CEB8-8B4A-11D0-8D11-00A0C91BC942}") = "Lesson04", "Lesson04\Lesson04.vcxproj", "{4DBE4DFC-0492-4285-855F-4A74E7D06862}"
EndProject
Project("{8BC9CEB8-8B4A-11D0-8D11-00A0C91BC942}") = "Lesson05", "Lesson05\Lesson05.vcxproj", "{A4A1E537-CC03-4412-868C-3E8E6ABBAD29}"
EndProject
Project("{8BC9CEB8-8B4A-11D0-8D11-00A0C91BC942}") = "Lesson06", "Lesson06\Lesson06.vcxproj", "{ACAC1E69-6746-4C9B-9261-94315B235FB6}"
EndProject
Project("{8BC9CEB8-8B4A-11D0-8D11-00A0C91BC942}") = "Lesson07", "Lesson07\Lesson07.vcxproj", "{26F58DAC-3FE9-4C70-B0C0-77420CFB57A4}"
EndProject
Project("{8BC9CEB8-8B4A-11D0-8D11-00A0C91BC942}") = "Lesson08", "Lesson08\Lesson08.vcxproj", "{9327A254-7B1A-4321-A4D3-2EB40C1E47D9}"
EndProject
Project("{8BC9CEB8-8B4A-11D0-8D11-00A0C91BC942}") = "Lesson09", "Lesson09\Lesson09.vcxproj", "{C19F9B1B-B11C-459D-932A-6602B5A6126F}"
EndProject
Project("{8BC9CEB8-8B4A-11D0-8D11-00A0C91BC942}") = "Lesson10", "Lesson10\Lesson10.vcxproj", "{A75E7185-577F-42B5-B98D-EF941861551B}"
EndProject
Global
	GlobalSection(SolutionConfigurationPlatforms) = preSolution
		Debug|x64 = Debug|x64
		Debug|x86 = Debug|x86
		Release|x64 = Release|x64
		Release|x86 = Release|x86
	EndGlobalSection
	GlobalSection(ProjectConfigurationPlatforms) = postSolution
		{A48481D7-64C7-4401-8B7D-4208F3F7BEE1}.Debug|x64.ActiveCfg = Debug|x64
		{A48481D7-64C7-4401-8B7D-4208F3F7BEE1}.Debug|x64.Build.0 = Debug|x64
		{A48481D7-64C7-4401-8B7D-4208F3F7BEE1}.Debug|x86.ActiveCfg = Debug|Win32
		{A48481D7-64C7-4401-8B7D-4208F3F7BEE1}.Debug|x86.Build.0 = Debug|Win32
		{A48481D7-64C7-4401-8B7D-4208F3F7BEE1}.Release|x64.ActiveCfg = Release|x64
		{A48481D7-64C7-4401-8B7D-4208F3F7BEE1}.Release|x64.Build.0 = Release|x64
		{A48481D7-64C7-4401-8B7D-4208F3F7BEE1}.Release|x86.ActiveCfg = Release|Win32
		{A48481D7-64C7-4401-8B7D-4208F3F7BEE1}.Release|x86.Build.0 = Release|Win32
		{C3528BFB-80F1-46C5-8766-D05CBB63C7CF}.Debug|x64.ActiveCfg = Debug|x64
		{C3528BFB-80F1-46C5-8766-D05CBB63C7CF}.Debug|x64.Build.0 = Debug|x64
		{C3528BFB-80F1-46C5-8766-D05CBB63C7CF}.Debug|x86.ActiveCfg = Debug|Win32
		{C3528BFB-80F1-46C5-8766-D05CBB63C7CF}.Debug|x86.Build.0 = Debug|Win32
		{C3528BFB-80F1-46C5-8766-D05CBB63C7CF}.Release|x64.ActiveCfg = Release|x64
		{C3528BFB-80F1-46C5-8766-D05CBB63C7CF}.Release|x64.Build.0 = Release|x64
		{C3528BFB-80F1-46C5-8766-D05CBB63C7CF}.Release|x86.ActiveCfg = Release|Win32
		{C3528BFB-80F1-46C5-8766-D05CBB63C7CF}.Release|x86.Build.0 = Release|Win32
		{094F841B-B41C-413D-883B-494CF1FAA909}.Debug|x64.ActiveCfg = Debug|x64
		{094F841B-B41C-413D-883B-494CF1FAA909}.Debug|x64.Build.0 = Debug|x64
		{094F841B-B41C-413D-883B-494CF1FAA909}.Debug|x86.ActiveCfg = Debug|Win32
		{094F841B-B41C-413D-883B-494CF1FAA909}.Debug|x86.Build.0 = Debug|Win32
		{094F841B-B41C-413D-883B-494CF1FAA909}.Release|x64.ActiveCfg = Release|x64
		{094F841B-B41C-413D-883B-494CF1FAA909}.Release|x64.Build.0 = Release|x64
		{094F841B-B41C-413D-883B-494CF1FAA909}.Release|x86.ActiveCfg = Release|Win32
		{094F841B-B41C-413D-883B-494CF1FAA909}.Release|x86.Build.0 = Release|Win32
		{4DBE4DFC-0492-4285-855F-4A74E7D06862}.Debug|x64.ActiveCfg = Debug|x64
		{4DBE4DFC-0492-4285-855F-4A74E7D06862}.Debug|x64.Build.0 = Debug|x64
		{4DBE4DFC-0492-4285-855F-4A74E7D06862}.Debug|x86.ActiveCfg = Debug|Win32
		{4DBE4DFC-0492-4285-855F-4A74E7D06862}.Debug|x86.Build.0 = Debug|Win32
		{4DBE4DFC-0492-4285-855F-4A74E7D06862}.Release|x64.ActiveCfg = Release|x64
		{4DBE4DFC-0492-4285-855F-4A74E7D06862}.Release|x64.Build.0 = Release|x64
		{4DBE4DFC-0492-4285-855F-4A74E7D06862}.Release|x86.ActiveCfg = Release|Win32
		{4DBE4DFC-0492-4285-855F-4A74E7D06862}.Release|x86.Build.0 = Release|Win32
		{A4A1E537-CC03-4412-868C-3E8E6ABBAD29}.Debug|x64.ActiveCfg = Debug|x64
		{A4A1E537-CC03-4412-868C-3E8E6ABBAD29}.Debug|x64.Build.0 = Debug|x64
		{A4A1E537-CC03-4412-868C-3E8E6ABBAD29}.Debug|x86.ActiveCfg = Debug|Win32
		{A4A1E537-CC03-4412-868C-3E8E6ABBAD29}.Debug|x86.Build.0 = Debug|Win32
		{A4A1E537-CC03-4412-868C-3E8E6ABBAD29}.Release|x64.ActiveCfg = Release|x64
		{A4A1E537-CC03-4412-868C-3E8E6ABBAD29}.Release|x64.Build.0 = Release|x64
		{A4A1E537-CC03-4412-868C-3E8E6ABBAD29}.Release|x86.ActiveCfg = Release|Win32
		{A4A1E537-CC03-4412-868C-3E8E6ABBAD29}.Release|x86.Build.0 = Release|Win32
		{ACAC1E69-6746-4C9B-9261-94315B235FB6}.Debug|x64.ActiveCfg = Debug|x64
		{ACAC1E69-6746-4C9B-9261-94315B235FB6}.Debug|x64.Build.0 = Debug|x64
		{ACAC1E69-6746-4C9B-9261-94315B235FB6}.Debug|x86.ActiveCfg = Debug|Win32
		{ACAC1E69-6746-4C9B-9261-94315B235FB6}.Debug|x86.Build.0 = Debug|Win32
		{ACAC1E69-6746-4C9B-9261-94315B235FB6}.Release|x64.ActiveCfg = Release|x64
		{ACAC1E69-6746-4C9B-9261-94315B235FB6}.Release|x64.Build.0 = Release|x64
		{ACAC1E69-6746-4C9B-9261-94315B235FB6}.Release|x86.ActiveCfg = Release|Win32
		{ACAC1E69-6746-4C9B-9261-94315B235FB6}.Release|x86.Build.0 = Release|Win32
		{26F58DAC-3FE9-4C70-B0C0-77420CFB57A4}.Debug|x64.ActiveCfg = Debug|x64
		{26F58DAC-3FE9-4C70-B0C0-77420CFB57A4}.Debug|x64.Build.0 = Debug|x64
		{26F58DAC-3FE9-4C70-B0C0-77420CFB57A4}.Debug|x86.ActiveCfg = Debug|Win32
		{26F58DAC-3FE9-4C70-B0C0-77420CFB57A4}.Debug|x86.Build.0 = Debug|Win32
		{26F58DAC-3FE9-4C70-B0C0-77420CFB57A4}.Release|x64.ActiveCfg = Release|x64
		{26F58DAC-3FE9-4C70-B0C0-77420CFB57A4}.Release|x64.Build.0 = Release|x64
		{26F58DAC-3FE9-4C70-B0C0-77420CFB57A4}.Release|x86.ActiveCfg = Release|Win32
		{26F58DAC-3FE9-4C70-B0C0-77420CFB57A4}.Release|x86.Build.0 = Release|Win32
		{9327A254-7B1A-4321-A4D3-2EB40C1E47D9}.Debug|x64.ActiveCfg = Debug|x64
		{9327A254-7B1A-4321-A4D3-2EB40C1E47D9}.Debug|x64.Build.0 = Debug|x64
		{9327A254-7B1A-4321-A4D3-2EB40C1E47D9}.Debug|x86.ActiveCfg = Debug|Win32
		{9327A254-7B1A-4321-A4D3-2EB40C1E47D9}.Debug|x86.Build.0 = Debug|Win32
		{9327A254-7B1A-4321-A4D3-2EB40C1E47D9}.Release|x64.ActiveCfg = Release|x64
		{9327A254-7B1A-4321-A4D3-2EB40C1E47D9}.Release|x64.Build.0 = Release|x64
		{9327A254-7B1A-4321-A4D3-2EB40C1E47D9}.Release|x86.ActiveCfg = Release|Win32
		{9327A254-7B1A-4321-A4D3-2EB40C1E47D9}.Release|x86.Build.0 = Release|Win32
		{C19F9B1B-B11C-459D-932A-6602B5A6126F}.Debug|x64.ActiveCfg = Debug|x64
		{C19F9B1B-B11C-459D-932A-6602B5A6126F}.Debug|x64.Build.0 = Debug|x64
		{C19F9B1B-B11C-459D-932A-6602B5A6126F}.Debug|x86.ActiveCfg = Debug|Win32
		{C19F9B1B-B11C-459D-932A-6602B5A6126F}.Debug|x86.Build.0 = Debug|Win32
		{C19F9B1B-B11C-459D-932A-6602B5A6126F}.Release|x64.ActiveCfg = Release|x64
		{C19F9B1B-B11C-459D-932A-6602B5A6126F}.Release|x64.Build.0 = Release|x64
		{C19F9B1B-B11C-459D-932A-6602B5A6126F}.Release|x86.ActiveCfg = Release|Win32
		{C19F9B1B-B11C-459D-932A-6602B5A6126F}.Release|x86.Build.0 = Release|Win32
		{A75E7185-577F-42B5-B98D-EF941861551B}.Debug|x64.ActiveCfg = Debug|x64
		{A75E7185-577F-42B5-B98D-EF941861551B}.Debug|x64.Build.0 = Debug|x64
		{A75E7185-577F-42B5-B98D-EF941861551B}.Debug|x86.ActiveCfg = Debug|Win32
		{A75E7185-577F-42B5-B98D-EF941861551B}.Debug|x86.Build.0 = Debug|Win32
		{A75E7185-577F-42B5-B98D-EF941861551B}.Release|x64.ActiveCfg = Release|x64
		{A75E7185-577F-42B5-B98D-EF941861551B}.Release|x64.Build.0 = Release|x64
		{A75E7185-577F-42B5-B98D-EF941861551B}.Release|x86.ActiveCfg = Release|Win32
		{A75E7185-577F-42B5-B98D-EF941861551B}.Release|x86.Build.0 = Release|Win32
	EndGlobalSection
	GlobalSection(SolutionProperties) = preSolution
		HideSolutionNode = FALSE
	EndGlobalSection
EndGlobal
